schema: '2.0'
stages:
  data_split:
    cmd: python source/data_split.py
    deps:
    - path: source/data_split.py
      md5: 79ef2468c27571601c2e4ed557ab0a53
      size: 1228
    params:
      params.yaml:
        base.random_state: 47
        data_source.local_path: data/telecom_churn.csv
        split.split_ratio: 0.2
    outs:
    - path: data/split
      md5: d95f200a6359b0cd81c0d591734939a7.dir
      size: 134685
      nfiles: 2
  data_processing:
    cmd: python source/data_processing.py data/processed
    deps:
    - path: data/split
      md5: d95f200a6359b0cd81c0d591734939a7.dir
      size: 134685
      nfiles: 2
    - path: source/data_processing.py
      md5: f9328a5ce9fd23dd845fcd06de47cfea
      size: 1416
    params:
      params.yaml:
        process.dir: data/processed
        process.test_file: final_test.csv
        process.train_file: final_train.csv
        split.dir: data/split
        split.test_file: test.csv
        split.train_file: train.csv
    outs:
    - path: data/processed
      md5: 878d1c18179af2f5d8e8082d444a80b2.dir
      size: 134685
      nfiles: 2
  train:
    cmd: python source/train.py data/features model/model.pkl
    deps:
    - path: data/processed
      md5: 878d1c18179af2f5d8e8082d444a80b2.dir
      size: 134685
      nfiles: 2
    - path: source/train.py
      md5: afb9f2311c1f5ecc9844938a8b6af859
      size: 2405
    params:
      params.yaml:
        base.random_state: 47
        base.target_col: Churn
        model_dir: model
        process.dir: data/processed
        process.test_file: final_test.csv
        process.train_file: final_train.csv
        train.params:
          n_estimators: 200
          max_depth: 5
          class_weight: balanced
    outs:
    - path: model/model.pkl
      md5: f92bead495d1f5db305ab400e2b630e2
      size: 816401
  evaluate:
    cmd: python source/evaluate.py model/model.pkl data/processed
    deps:
    - path: data/processed
      md5: 878d1c18179af2f5d8e8082d444a80b2.dir
      size: 134685
      nfiles: 2
    - path: model/model.pkl
      md5: f92bead495d1f5db305ab400e2b630e2
      size: 816401
    - path: source/evaluate.py
      md5: f4a8f28eccfe893469c5e7022d41c73e
      size: 7537
    outs:
    - path: eval/importance.png
      md5: ab6ad1b1434e3378dc43016c1b26696b
      size: 56331
